// !$*UTF8*$!
{
	archiveVersion = 1;
	classes = {
	};
	objectVersion = 77;
	objects = {

/* Begin PBXBuildFile section */
		1CAE92DA2DD1459700C13D62 /* Main View.swift in Sources */ = {isa = PBXBuildFile; fileRef = 1CAE92D92DD1459700C13D62 /* Main View.swift */; };
		1CAE92DD2DD146E100C13D62 /* Avg Pages per Period View.swift in Sources */ = {isa = PBXBuildFile; fileRef = 1CAE92DC2DD146E100C13D62 /* Avg Pages per Period View.swift */; };
		1CAE92DF2DD1472400C13D62 /* Statistics Model.swift in Sources */ = {isa = PBXBuildFile; fileRef = 1CAE92DE2DD1472400C13D62 /* Statistics Model.swift */; };
		1CAE92E22DD14E0F00C13D62 /* Pages Read Functions.swift in Sources */ = {isa = PBXBuildFile; fileRef = 1CAE92E12DD14E0F00C13D62 /* Pages Read Functions.swift */; };
		1CAE92E42DD155E100C13D62 /* Historical Tracking View.swift in Sources */ = {isa = PBXBuildFile; fileRef = 1CAE92E32DD155E100C13D62 /* Historical Tracking View.swift */; };
		1CCFEA2F2DC28C8700AF2279 /* Add Book View.swift in Sources */ = {isa = PBXBuildFile; fileRef = 1CCFEA222DC28C8700AF2279 /* Add Book View.swift */; };
		1CCFEA302DC28C8700AF2279 /* Book Detail View.swift in Sources */ = {isa = PBXBuildFile; fileRef = 1CCFEA242DC28C8700AF2279 /* Book Detail View.swift */; };
		1CCFEA312DC28C8700AF2279 /* Book Library.swift in Sources */ = {isa = PBXBuildFile; fileRef = 1CCFEA252DC28C8700AF2279 /* Book Library.swift */; };
		1CCFEA322DC28C8700AF2279 /* Book Struct.swift in Sources */ = {isa = PBXBuildFile; fileRef = 1CCFEA262DC28C8700AF2279 /* Book Struct.swift */; };
		1CCFEA332DC28C8700AF2279 /* ContentView.swift in Sources */ = {isa = PBXBuildFile; fileRef = 1CCFEA272DC28C8700AF2279 /* ContentView.swift */; };
		1CCFEA342DC28C8700AF2279 /* Persistence.swift in Sources */ = {isa = PBXBuildFile; fileRef = 1CCFEA282DC28C8700AF2279 /* Persistence.swift */; };
		1CCFEA352DC28C8700AF2279 /* Read_Rack.xcdatamodeld in Sources */ = {isa = PBXBuildFile; fileRef = 1CCFEA2A2DC28C8700AF2279 /* Read_Rack.xcdatamodeld */; };
		1CCFEA362DC28C8700AF2279 /* Read_RackApp.swift in Sources */ = {isa = PBXBuildFile; fileRef = 1CCFEA2B2DC28C8700AF2279 /* Read_RackApp.swift */; };
		1CCFEA372DC28C8700AF2279 /* Statistics View.swift in Sources */ = {isa = PBXBuildFile; fileRef = 1CCFEA2C2DC28C8700AF2279 /* Statistics View.swift */; };
		1CCFEA382DC28C8700AF2279 /* Preview Assets.xcassets in Resources */ = {isa = PBXBuildFile; fileRef = 1CCFEA202DC28C8700AF2279 /* Preview Assets.xcassets */; };
		1CCFEA392DC28C8700AF2279 /* Assets.xcassets in Resources */ = {isa = PBXBuildFile; fileRef = 1CCFEA232DC28C8700AF2279 /* Assets.xcassets */; };
		1CCFEA3B2DC2A85700AF2279 /* Book Detail - Edit Progress.swift in Sources */ = {isa = PBXBuildFile; fileRef = 1CCFEA3A2DC2A85700AF2279 /* Book Detail - Edit Progress.swift */; };
/* End PBXBuildFile section */

/* Begin PBXFileReference section */
		1CAE92D92DD1459700C13D62 /* Main View.swift */ = {isa = PBXFileReference; lastKnownFileType = sourcecode.swift; path = "Main View.swift"; sourceTree = "<group>"; };
		1CAE92DC2DD146E100C13D62 /* Avg Pages per Period View.swift */ = {isa = PBXFileReference; lastKnownFileType = sourcecode.swift; path = "Avg Pages per Period View.swift"; sourceTree = "<group>"; };
		1CAE92DE2DD1472400C13D62 /* Statistics Model.swift */ = {isa = PBXFileReference; lastKnownFileType = sourcecode.swift; path = "Statistics Model.swift"; sourceTree = "<group>"; };
		1CAE92E12DD14E0F00C13D62 /* Pages Read Functions.swift */ = {isa = PBXFileReference; lastKnownFileType = sourcecode.swift; path = "Pages Read Functions.swift"; sourceTree = "<group>"; };
		1CAE92E32DD155E100C13D62 /* Historical Tracking View.swift */ = {isa = PBXFileReference; lastKnownFileType = sourcecode.swift; path = "Historical Tracking View.swift"; sourceTree = "<group>"; };
		1CCFEA202DC28C8700AF2279 /* Preview Assets.xcassets */ = {isa = PBXFileReference; lastKnownFileType = folder.assetcatalog; path = "Preview Assets.xcassets"; sourceTree = "<group>"; };
		1CCFEA222DC28C8700AF2279 /* Add Book View.swift */ = {isa = PBXFileReference; lastKnownFileType = sourcecode.swift; path = "Add Book View.swift"; sourceTree = "<group>"; };
		1CCFEA232DC28C8700AF2279 /* Assets.xcassets */ = {isa = PBXFileReference; lastKnownFileType = folder.assetcatalog; path = Assets.xcassets; sourceTree = "<group>"; };
		1CCFEA242DC28C8700AF2279 /* Book Detail View.swift */ = {isa = PBXFileReference; lastKnownFileType = sourcecode.swift; path = "Book Detail View.swift"; sourceTree = "<group>"; };
		1CCFEA252DC28C8700AF2279 /* Book Library.swift */ = {isa = PBXFileReference; lastKnownFileType = sourcecode.swift; path = "Book Library.swift"; sourceTree = "<group>"; };
		1CCFEA262DC28C8700AF2279 /* Book Struct.swift */ = {isa = PBXFileReference; lastKnownFileType = sourcecode.swift; path = "Book Struct.swift"; sourceTree = "<group>"; };
		1CCFEA272DC28C8700AF2279 /* ContentView.swift */ = {isa = PBXFileReference; lastKnownFileType = sourcecode.swift; path = ContentView.swift; sourceTree = "<group>"; };
		1CCFEA282DC28C8700AF2279 /* Persistence.swift */ = {isa = PBXFileReference; lastKnownFileType = sourcecode.swift; path = Persistence.swift; sourceTree = "<group>"; };
		1CCFEA292DC28C8700AF2279 /* Read_Rack.entitlements */ = {isa = PBXFileReference; lastKnownFileType = text.plist.entitlements; path = Read_Rack.entitlements; sourceTree = "<group>"; };
		1CCFEA2B2DC28C8700AF2279 /* Read_RackApp.swift */ = {isa = PBXFileReference; lastKnownFileType = sourcecode.swift; path = Read_RackApp.swift; sourceTree = "<group>"; };
		1CCFEA2C2DC28C8700AF2279 /* Statistics View.swift */ = {isa = PBXFileReference; lastKnownFileType = sourcecode.swift; path = "Statistics View.swift"; sourceTree = "<group>"; };
		1CCFEA2E2DC28C8700AF2279 /* Read_Rack.xcdatamodel */ = {isa = PBXFileReference; lastKnownFileType = wrapper.xcdatamodel; path = Read_Rack.xcdatamodel; sourceTree = "<group>"; };
		1CCFEA3A2DC2A85700AF2279 /* Book Detail - Edit Progress.swift */ = {isa = PBXFileReference; lastKnownFileType = sourcecode.swift; path = "Book Detail - Edit Progress.swift"; sourceTree = "<group>"; };
		1CDF527C2DB67B2000B660FF /* Read-Rack.app */ = {isa = PBXFileReference; explicitFileType = wrapper.application; includeInIndex = 0; path = "Read-Rack.app"; sourceTree = BUILT_PRODUCTS_DIR; };
/* End PBXFileReference section */

/* Begin PBXFrameworksBuildPhase section */
		1CDF52792DB67B2000B660FF /* Frameworks */ = {
			isa = PBXFrameworksBuildPhase;
			buildActionMask = 2147483647;
			files = (
			);
			runOnlyForDeploymentPostprocessing = 0;
		};
/* End PBXFrameworksBuildPhase section */

/* Begin PBXGroup section */
		1CAE92D72DD1454800C13D62 /* Data */ = {
			isa = PBXGroup;
			children = (
				1CCFEA252DC28C8700AF2279 /* Book Library.swift */,
				1CCFEA262DC28C8700AF2279 /* Book Struct.swift */,
				1CCFEA282DC28C8700AF2279 /* Persistence.swift */,
				1CCFEA2A2DC28C8700AF2279 /* Read_Rack.xcdatamodeld */,
			);
			path = Data;
			sourceTree = "<group>";
		};
		1CAE92D82DD1455C00C13D62 /* Main Sub-Views */ = {
			isa = PBXGroup;
			children = (
				1CCFEA222DC28C8700AF2279 /* Add Book View.swift */,
				1CCFEA242DC28C8700AF2279 /* Book Detail View.swift */,
				1CCFEA3A2DC2A85700AF2279 /* Book Detail - Edit Progress.swift */,
			);
			path = "Main Sub-Views";
			sourceTree = "<group>";
		};
		1CAE92DB2DD146BA00C13D62 /* Statistics Sub-Views */ = {
			isa = PBXGroup;
			children = (
				1CAE92DC2DD146E100C13D62 /* Avg Pages per Period View.swift */,
				1CAE92E32DD155E100C13D62 /* Historical Tracking View.swift */,
			);
			path = "Statistics Sub-Views";
			sourceTree = "<group>";
		};
		1CAE92E02DD14E0000C13D62 /* Statistics Methods */ = {
			isa = PBXGroup;
			children = (
				1CAE92DE2DD1472400C13D62 /* Statistics Model.swift */,
				1CAE92E12DD14E0F00C13D62 /* Pages Read Functions.swift */,
			);
			path = "Statistics Methods";
			sourceTree = "<group>";
		};
		1CCFEA212DC28C8700AF2279 /* Preview Content */ = {
			isa = PBXGroup;
			children = (
				1CCFEA202DC28C8700AF2279 /* Preview Assets.xcassets */,
			);
			path = "Preview Content";
			sourceTree = "<group>";
		};
		1CCFEA2D2DC28C8700AF2279 /* Read-Rack */ = {
			isa = PBXGroup;
			children = (
				1CCFEA212DC28C8700AF2279 /* Preview Content */,
				1CCFEA292DC28C8700AF2279 /* Read_Rack.entitlements */,
				1CCFEA232DC28C8700AF2279 /* Assets.xcassets */,
				1CCFEA2B2DC28C8700AF2279 /* Read_RackApp.swift */,
				1CCFEA272DC28C8700AF2279 /* ContentView.swift */,
				1CAE92D92DD1459700C13D62 /* Main View.swift */,
				1CAE92D82DD1455C00C13D62 /* Main Sub-Views */,
				1CCFEA2C2DC28C8700AF2279 /* Statistics View.swift */,
				1CAE92E02DD14E0000C13D62 /* Statistics Methods */,
				1CAE92DB2DD146BA00C13D62 /* Statistics Sub-Views */,
				1CAE92D72DD1454800C13D62 /* Data */,
			);
			path = "Read-Rack";
			sourceTree = "<group>";
		};
		1CDF52732DB67B2000B660FF = {
			isa = PBXGroup;
			children = (
				1CDF527D2DB67B2000B660FF /* Products */,
				1CCFEA2D2DC28C8700AF2279 /* Read-Rack */,
			);
			sourceTree = "<group>";
		};
		1CDF527D2DB67B2000B660FF /* Products */ = {
			isa = PBXGroup;
			children = (
				1CDF527C2DB67B2000B660FF /* Read-Rack.app */,
			);
			name = Products;
			sourceTree = "<group>";
		};
/* End PBXGroup section */

/* Begin PBXNativeTarget section */
		1CDF527B2DB67B2000B660FF /* Read-Rack */ = {
			isa = PBXNativeTarget;
			buildConfigurationList = 1CDF52902DB67B2200B660FF /* Build configuration list for PBXNativeTarget "Read-Rack" */;
			buildPhases = (
				1CDF52782DB67B2000B660FF /* Sources */,
				1CDF52792DB67B2000B660FF /* Frameworks */,
				1CDF527A2DB67B2000B660FF /* Resources */,
			);
			buildRules = (
			);
			dependencies = (
			);
			name = "Read-Rack";
			packageProductDependencies = (
			);
			productName = "Read-Rack";
			productReference = 1CDF527C2DB67B2000B660FF /* Read-Rack.app */;
			productType = "com.apple.product-type.application";
		};
/* End PBXNativeTarget section */

/* Begin PBXProject section */
		1CDF52742DB67B2000B660FF /* Project object */ = {
			isa = PBXProject;
			attributes = {
				BuildIndependentTargetsInParallel = 1;
				LastSwiftUpdateCheck = 1620;
				LastUpgradeCheck = 1620;
				TargetAttributes = {
					1CDF527B2DB67B2000B660FF = {
						CreatedOnToolsVersion = 16.2;
					};
				};
			};
			buildConfigurationList = 1CDF52772DB67B2000B660FF /* Build configuration list for PBXProject "Read-Rack" */;
			developmentRegion = en;
			hasScannedForEncodings = 0;
			knownRegions = (
				en,
				Base,
			);
			mainGroup = 1CDF52732DB67B2000B660FF;
			minimizedProjectReferenceProxies = 1;
			preferredProjectObjectVersion = 77;
			productRefGroup = 1CDF527D2DB67B2000B660FF /* Products */;
			projectDirPath = "";
			projectRoot = "";
			targets = (
				1CDF527B2DB67B2000B660FF /* Read-Rack */,
			);
		};
/* End PBXProject section */

/* Begin PBXResourcesBuildPhase section */
		1CDF527A2DB67B2000B660FF /* Resources */ = {
			isa = PBXResourcesBuildPhase;
			buildActionMask = 2147483647;
			files = (
				1CCFEA382DC28C8700AF2279 /* Preview Assets.xcassets in Resources */,
				1CCFEA392DC28C8700AF2279 /* Assets.xcassets in Resources */,
			);
			runOnlyForDeploymentPostprocessing = 0;
		};
/* End PBXResourcesBuildPhase section */

/* Begin PBXSourcesBuildPhase section */
		1CDF52782DB67B2000B660FF /* Sources */ = {
			isa = PBXSourcesBuildPhase;
			buildActionMask = 2147483647;
			files = (
				1CCFEA2F2DC28C8700AF2279 /* Add Book View.swift in Sources */,
				1CCFEA302DC28C8700AF2279 /* Book Detail View.swift in Sources */,
				1CCFEA312DC28C8700AF2279 /* Book Library.swift in Sources */,
				1CCFEA322DC28C8700AF2279 /* Book Struct.swift in Sources */,
				1CAE92DA2DD1459700C13D62 /* Main View.swift in Sources */,
				1CAE92DD2DD146E100C13D62 /* Avg Pages per Period View.swift in Sources */,
				1CAE92E22DD14E0F00C13D62 /* Pages Read Functions.swift in Sources */,
				1CCFEA3B2DC2A85700AF2279 /* Book Detail - Edit Progress.swift in Sources */,
				1CCFEA332DC28C8700AF2279 /* ContentView.swift in Sources */,
				1CAE92E42DD155E100C13D62 /* Historical Tracking View.swift in Sources */,
				1CCFEA342DC28C8700AF2279 /* Persistence.swift in Sources */,
				1CCFEA352DC28C8700AF2279 /* Read_Rack.xcdatamodeld in Sources */,
				1CAE92DF2DD1472400C13D62 /* Statistics Model.swift in Sources */,
				1CCFEA362DC28C8700AF2279 /* Read_RackApp.swift in Sources */,
				1CCFEA372DC28C8700AF2279 /* Statistics View.swift in Sources */,
			);
			runOnlyForDeploymentPostprocessing = 0;
		};
/* End PBXSourcesBuildPhase section */

/* Begin XCBuildConfiguration section */
		1CDF528E2DB67B2200B660FF /* Debug */ = {
			isa = XCBuildConfiguration;
			buildSettings = {
				ALWAYS_SEARCH_USER_PATHS = NO;
				ASSETCATALOG_COMPILER_GENERATE_SWIFT_ASSET_SYMBOL_EXTENSIONS = YES;
				CLANG_ANALYZER_NONNULL = YES;
				CLANG_ANALYZER_NUMBER_OBJECT_CONVERSION = YES_AGGRESSIVE;
				CLANG_CXX_LANGUAGE_STANDARD = "gnu++20";
				CLANG_ENABLE_MODULES = YES;
				CLANG_ENABLE_OBJC_ARC = YES;
				CLANG_ENABLE_OBJC_WEAK = YES;
				CLANG_WARN_BLOCK_CAPTURE_AUTORELEASING = YES;
				CLANG_WARN_BOOL_CONVERSION = YES;
				CLANG_WARN_COMMA = YES;
				CLANG_WARN_CONSTANT_CONVERSION = YES;
				CLANG_WARN_DEPRECATED_OBJC_IMPLEMENTATIONS = YES;
				CLANG_WARN_DIRECT_OBJC_ISA_USAGE = YES_ERROR;
				CLANG_WARN_DOCUMENTATION_COMMENTS = YES;
				CLANG_WARN_EMPTY_BODY = YES;
				CLANG_WARN_ENUM_CONVERSION = YES;
				CLANG_WARN_INFINITE_RECURSION = YES;
				CLANG_WARN_INT_CONVERSION = YES;
				CLANG_WARN_NON_LITERAL_NULL_CONVERSION = YES;
				CLANG_WARN_OBJC_IMPLICIT_RETAIN_SELF = YES;
				CLANG_WARN_OBJC_LITERAL_CONVERSION = YES;
				CLANG_WARN_OBJC_ROOT_CLASS = YES_ERROR;
				CLANG_WARN_QUOTED_INCLUDE_IN_FRAMEWORK_HEADER = YES;
				CLANG_WARN_RANGE_LOOP_ANALYSIS = YES;
				CLANG_WARN_STRICT_PROTOTYPES = YES;
				CLANG_WARN_SUSPICIOUS_MOVE = YES;
				CLANG_WARN_UNGUARDED_AVAILABILITY = YES_AGGRESSIVE;
				CLANG_WARN_UNREACHABLE_CODE = YES;
				CLANG_WARN__DUPLICATE_METHOD_MATCH = YES;
				COPY_PHASE_STRIP = NO;
				DEBUG_INFORMATION_FORMAT = dwarf;
				ENABLE_STRICT_OBJC_MSGSEND = YES;
				ENABLE_TESTABILITY = YES;
				ENABLE_USER_SCRIPT_SANDBOXING = YES;
				GCC_C_LANGUAGE_STANDARD = gnu17;
				GCC_DYNAMIC_NO_PIC = NO;
				GCC_NO_COMMON_BLOCKS = YES;
				GCC_OPTIMIZATION_LEVEL = 0;
				GCC_PREPROCESSOR_DEFINITIONS = (
					"DEBUG=1",
					"$(inherited)",
				);
				GCC_WARN_64_TO_32_BIT_CONVERSION = YES;
				GCC_WARN_ABOUT_RETURN_TYPE = YES_ERROR;
				GCC_WARN_UNDECLARED_SELECTOR = YES;
				GCC_WARN_UNINITIALIZED_AUTOS = YES_AGGRESSIVE;
				GCC_WARN_UNUSED_FUNCTION = YES;
				GCC_WARN_UNUSED_VARIABLE = YES;
				LOCALIZATION_PREFERS_STRING_CATALOGS = YES;
				MTL_ENABLE_DEBUG_INFO = INCLUDE_SOURCE;
				MTL_FAST_MATH = YES;
				ONLY_ACTIVE_ARCH = YES;
				SWIFT_ACTIVE_COMPILATION_CONDITIONS = "DEBUG $(inherited)";
				SWIFT_OPTIMIZATION_LEVEL = "-Onone";
			};
			name = Debug;
		};
		1CDF528F2DB67B2200B660FF /* Release */ = {
			isa = XCBuildConfiguration;
			buildSettings = {
				ALWAYS_SEARCH_USER_PATHS = NO;
				ASSETCATALOG_COMPILER_GENERATE_SWIFT_ASSET_SYMBOL_EXTENSIONS = YES;
				CLANG_ANALYZER_NONNULL = YES;
				CLANG_ANALYZER_NUMBER_OBJECT_CONVERSION = YES_AGGRESSIVE;
				CLANG_CXX_LANGUAGE_STANDARD = "gnu++20";
				CLANG_ENABLE_MODULES = YES;
				CLANG_ENABLE_OBJC_ARC = YES;
				CLANG_ENABLE_OBJC_WEAK = YES;
				CLANG_WARN_BLOCK_CAPTURE_AUTORELEASING = YES;
				CLANG_WARN_BOOL_CONVERSION = YES;
				CLANG_WARN_COMMA = YES;
				CLANG_WARN_CONSTANT_CONVERSION = YES;
				CLANG_WARN_DEPRECATED_OBJC_IMPLEMENTATIONS = YES;
				CLANG_WARN_DIRECT_OBJC_ISA_USAGE = YES_ERROR;
				CLANG_WARN_DOCUMENTATION_COMMENTS = YES;
				CLANG_WARN_EMPTY_BODY = YES;
				CLANG_WARN_ENUM_CONVERSION = YES;
				CLANG_WARN_INFINITE_RECURSION = YES;
				CLANG_WARN_INT_CONVERSION = YES;
				CLANG_WARN_NON_LITERAL_NULL_CONVERSION = YES;
				CLANG_WARN_OBJC_IMPLICIT_RETAIN_SELF = YES;
				CLANG_WARN_OBJC_LITERAL_CONVERSION = YES;
				CLANG_WARN_OBJC_ROOT_CLASS = YES_ERROR;
				CLANG_WARN_QUOTED_INCLUDE_IN_FRAMEWORK_HEADER = YES;
				CLANG_WARN_RANGE_LOOP_ANALYSIS = YES;
				CLANG_WARN_STRICT_PROTOTYPES = YES;
				CLANG_WARN_SUSPICIOUS_MOVE = YES;
				CLANG_WARN_UNGUARDED_AVAILABILITY = YES_AGGRESSIVE;
				CLANG_WARN_UNREACHABLE_CODE = YES;
				CLANG_WARN__DUPLICATE_METHOD_MATCH = YES;
				COPY_PHASE_STRIP = NO;
				DEBUG_INFORMATION_FORMAT = "dwarf-with-dsym";
				ENABLE_NS_ASSERTIONS = NO;
				ENABLE_STRICT_OBJC_MSGSEND = YES;
				ENABLE_USER_SCRIPT_SANDBOXING = YES;
				GCC_C_LANGUAGE_STANDARD = gnu17;
				GCC_NO_COMMON_BLOCKS = YES;
				GCC_WARN_64_TO_32_BIT_CONVERSION = YES;
				GCC_WARN_ABOUT_RETURN_TYPE = YES_ERROR;
				GCC_WARN_UNDECLARED_SELECTOR = YES;
				GCC_WARN_UNINITIALIZED_AUTOS = YES_AGGRESSIVE;
				GCC_WARN_UNUSED_FUNCTION = YES;
				GCC_WARN_UNUSED_VARIABLE = YES;
				LOCALIZATION_PREFERS_STRING_CATALOGS = YES;
				MTL_ENABLE_DEBUG_INFO = NO;
				MTL_FAST_MATH = YES;
				SWIFT_COMPILATION_MODE = wholemodule;
			};
			name = Release;
		};
		1CDF52912DB67B2200B660FF /* Debug */ = {
			isa = XCBuildConfiguration;
			buildSettings = {
				ASSETCATALOG_COMPILER_APPICON_NAME = AppIcon;
				ASSETCATALOG_COMPILER_GLOBAL_ACCENT_COLOR_NAME = AccentColor;
				CODE_SIGN_ENTITLEMENTS = "Read-Rack/Read_Rack.entitlements";
				CODE_SIGN_STYLE = Automatic;
				CURRENT_PROJECT_VERSION = 3;
				DEVELOPMENT_ASSET_PATHS = "\"Read-Rack/Preview Content\"";
				DEVELOPMENT_TEAM = ACQAYW7CT5;
				ENABLE_HARDENED_RUNTIME = YES;
				ENABLE_PREVIEWS = YES;
				GENERATE_INFOPLIST_FILE = YES;
				"INFOPLIST_KEY_UIApplicationSceneManifest_Generation[sdk=iphoneos*]" = YES;
				"INFOPLIST_KEY_UIApplicationSceneManifest_Generation[sdk=iphonesimulator*]" = YES;
				"INFOPLIST_KEY_UIApplicationSupportsIndirectInputEvents[sdk=iphoneos*]" = YES;
				"INFOPLIST_KEY_UIApplicationSupportsIndirectInputEvents[sdk=iphonesimulator*]" = YES;
				"INFOPLIST_KEY_UILaunchScreen_Generation[sdk=iphoneos*]" = YES;
				"INFOPLIST_KEY_UILaunchScreen_Generation[sdk=iphonesimulator*]" = YES;
				"INFOPLIST_KEY_UIStatusBarStyle[sdk=iphoneos*]" = UIStatusBarStyleDefault;
				"INFOPLIST_KEY_UIStatusBarStyle[sdk=iphonesimulator*]" = UIStatusBarStyleDefault;
				INFOPLIST_KEY_UISupportedInterfaceOrientations_iPad = "UIInterfaceOrientationPortrait UIInterfaceOrientationPortraitUpsideDown UIInterfaceOrientationLandscapeLeft UIInterfaceOrientationLandscapeRight";
				INFOPLIST_KEY_UISupportedInterfaceOrientations_iPhone = "UIInterfaceOrientationPortrait UIInterfaceOrientationLandscapeLeft UIInterfaceOrientationLandscapeRight";
				IPHONEOS_DEPLOYMENT_TARGET = 18.2;
				LD_RUNPATH_SEARCH_PATHS = "@executable_path/Frameworks";
				"LD_RUNPATH_SEARCH_PATHS[sdk=macosx*]" = "@executable_path/../Frameworks";
				MACOSX_DEPLOYMENT_TARGET = 15.2;
				MARKETING_VERSION = 1.0;
				PRODUCT_BUNDLE_IDENTIFIER = "com.rohanDevelopment.Read-Rack";
				PRODUCT_NAME = "$(TARGET_NAME)";
				SDKROOT = auto;
				SUPPORTED_PLATFORMS = "iphoneos iphonesimulator macosx xros xrsimulator";
				SUPPORTS_MACCATALYST = NO;
				SWIFT_EMIT_LOC_STRINGS = YES;
				SWIFT_VERSION = 5.0;
				TARGETED_DEVICE_FAMILY = "1,7";
				XROS_DEPLOYMENT_TARGET = 2.2;
			};
			name = Debug;
		};
		1CDF52922DB67B2200B660FF /* Release */ = {
			isa = XCBuildConfiguration;
			buildSettings = {
				ASSETCATALOG_COMPILER_APPICON_NAME = AppIcon;
				ASSETCATALOG_COMPILER_GLOBAL_ACCENT_COLOR_NAME = AccentColor;
				CODE_SIGN_ENTITLEMENTS = "Read-Rack/Read_Rack.entitlements";
				CODE_SIGN_STYLE = Automatic;
				CURRENT_PROJECT_VERSION = 3;
				DEVELOPMENT_ASSET_PATHS = "\"Read-Rack/Preview Content\"";
				DEVELOPMENT_TEAM = ACQAYW7CT5;
				ENABLE_HARDENED_RUNTIME = YES;
				ENABLE_PREVIEWS = YES;
				GENERATE_INFOPLIST_FILE = YES;
				"INFOPLIST_KEY_UIApplicationSceneManifest_Generation[sdk=iphoneos*]" = YES;
				"INFOPLIST_KEY_UIApplicationSceneManifest_Generation[sdk=iphonesimulator*]" = YES;
				"INFOPLIST_KEY_UIApplicationSupportsIndirectInputEvents[sdk=iphoneos*]" = YES;
				"INFOPLIST_KEY_UIApplicationSupportsIndirectInputEvents[sdk=iphonesimulator*]" = YES;
				"INFOPLIST_KEY_UILaunchScreen_Generation[sdk=iphoneos*]" = YES;
				"INFOPLIST_KEY_UILaunchScreen_Generation[sdk=iphonesimulator*]" = YES;
				"INFOPLIST_KEY_UIStatusBarStyle[sdk=iphoneos*]" = UIStatusBarStyleDefault;
				"INFOPLIST_KEY_UIStatusBarStyle[sdk=iphonesimulator*]" = UIStatusBarStyleDefault;
				INFOPLIST_KEY_UISupportedInterfaceOrientations_iPad = "UIInterfaceOrientationPortrait UIInterfaceOrientationPortraitUpsideDown UIInterfaceOrientationLandscapeLeft UIInterfaceOrientationLandscapeRight";
				INFOPLIST_KEY_UISupportedInterfaceOrientations_iPhone = "UIInterfaceOrientationPortrait UIInterfaceOrientationLandscapeLeft UIInterfaceOrientationLandscapeRight";
				IPHONEOS_DEPLOYMENT_TARGET = 18.2;
				LD_RUNPATH_SEARCH_PATHS = "@executable_path/Frameworks";
				"LD_RUNPATH_SEARCH_PATHS[sdk=macosx*]" = "@executable_path/../Frameworks";
				MACOSX_DEPLOYMENT_TARGET = 15.2;
				MARKETING_VERSION = 1.0;
				PRODUCT_BUNDLE_IDENTIFIER = "com.rohanDevelopment.Read-Rack";
				PRODUCT_NAME = "$(TARGET_NAME)";
				SDKROOT = auto;
				SUPPORTED_PLATFORMS = "iphoneos iphonesimulator macosx xros xrsimulator";
				SUPPORTS_MACCATALYST = NO;
				SWIFT_EMIT_LOC_STRINGS = YES;
				SWIFT_VERSION = 5.0;
				TARGETED_DEVICE_FAMILY = "1,7";
				XROS_DEPLOYMENT_TARGET = 2.2;
			};
			name = Release;
		};
/* End XCBuildConfiguration section */

/* Begin XCConfigurationList section */
		1CDF52772DB67B2000B660FF /* Build configuration list for PBXProject "Read-Rack" */ = {
			isa = XCConfigurationList;
			buildConfigurations = (
				1CDF528E2DB67B2200B660FF /* Debug */,
				1CDF528F2DB67B2200B660FF /* Release */,
			);
			defaultConfigurationIsVisible = 0;
			defaultConfigurationName = Release;
		};
		1CDF52902DB67B2200B660FF /* Build configuration list for PBXNativeTarget "Read-Rack" */ = {
			isa = XCConfigurationList;
			buildConfigurations = (
				1CDF52912DB67B2200B660FF /* Debug */,
				1CDF52922DB67B2200B660FF /* Release */,
			);
			defaultConfigurationIsVisible = 0;
			defaultConfigurationName = Release;
		};
/* End XCConfigurationList section */

/* Begin XCVersionGroup section */
		1CCFEA2A2DC28C8700AF2279 /* Read_Rack.xcdatamodeld */ = {
			isa = XCVersionGroup;
			children = (
				1CCFEA2E2DC28C8700AF2279 /* Read_Rack.xcdatamodel */,
			);
			currentVersion = 1CCFEA2E2DC28C8700AF2279 /* Read_Rack.xcdatamodel */;
			path = Read_Rack.xcdatamodeld;
			sourceTree = "<group>";
			versionGroupType = wrapper.xcdatamodel;
		};
/* End XCVersionGroup section */
	};
	rootObject = 1CDF52742DB67B2000B660FF /* Project object */;
}
